
Microsoft Visual Studio Solution File, Format Version 12.00
# Visual Studio Version 17
VisualStudioVersion = 17.9.34622.214
MinimumVisualStudioVersion = 10.0.40219.1
Project("{FAE04EC0-301F-11D3-BF4B-00C04F79EFBC}") = "AdventOfCode", "AdventOfCode.csproj", "{C3E9EBC2-6E0A-41E6-AAFD-9B9D6C083C72}"
EndProject
Global
	GlobalSection(SolutionConfigurationPlatforms) = preSolution
		Debug|Any CPU = Debug|Any CPU
		Release|Any CPU = Release|Any CPU
	EndGlobalSection
	GlobalSection(ProjectConfigurationPlatforms) = postSolution
		{C3E9EBC2-6E0A-41E6-AAFD-9B9D6C083C72}.Debug|Any CPU.ActiveCfg = Debug|Any CPU
		{C3E9EBC2-6E0A-41E6-AAFD-9B9D6C083C72}.Debug|Any CPU.Build.0 = Debug|Any CPU
		{C3E9EBC2-6E0A-41E6-AAFD-9B9D6C083C72}.Release|Any CPU.ActiveCfg = Release|Any CPU
		{C3E9EBC2-6E0A-41E6-AAFD-9B9D6C083C72}.Release|Any CPU.Build.0 = Release|Any CPU
	EndGlobalSection
	GlobalSection(SolutionProperties) = preSolution
		HideSolutionNode = FALSE
	EndGlobalSection
	GlobalSection(ExtensibilityGlobals) = postSolution
		SolutionGuid = {F1CC5466-FC19-47AD-819A-44E38B66B021}
	EndGlobalSection
EndGlobal
